
Microsoft Visual Studio Solution File, Format Version 12.00
# Visual Studio Version 16
VisualStudioVersion = 16.0.30104.148
MinimumVisualStudioVersion = 10.0.40219.1
Project("{FAE04EC0-301F-11D3-BF4B-00C04F79EFBC}") = "Client", "Client.csproj", "{2C49E2CB-9D9F-4092-B104-271554B6B263}"
EndProject
Global
	GlobalSection(SolutionConfigurationPlatforms) = preSolution
		Debug|Any CPU = Debug|Any CPU
		Release|Any CPU = Release|Any CPU
	EndGlobalSection
	GlobalSection(ProjectConfigurationPlatforms) = postSolution
		{2C49E2CB-9D9F-4092-B104-271554B6B263}.Debug|Any CPU.ActiveCfg = Debug|Any CPU
		{2C49E2CB-9D9F-4092-B104-271554B6B263}.Debug|Any CPU.Build.0 = Debug|Any CPU
		{2C49E2CB-9D9F-4092-B104-271554B6B263}.Release|Any CPU.ActiveCfg = Release|Any CPU
		{2C49E2CB-9D9F-4092-B104-271554B6B263}.Release|Any CPU.Build.0 = Release|Any CPU
	EndGlobalSection
	GlobalSection(SolutionProperties) = preSolution
		HideSolutionNode = FALSE
	EndGlobalSection
	GlobalSection(ExtensibilityGlobals) = postSolution
		SolutionGuid = {A4D6E8CD-68BF-47CF-9233-4C9923D5AD98}
	EndGlobalSection
EndGlobal
